%{
  "bcrypt_elixir": {:hex, :bcrypt_elixir, "2.3.0", "6cb662d5c1b0a8858801cf20997bd006e7016aa8c52959c9ef80e0f34fb60b7a", [:make, :mix], [{:comeonin, "~> 5.3", [hex: :comeonin, repo: "hexpm", optional: false]}, {:elixir_make, "~> 0.6", [hex: :elixir_make, repo: "hexpm", optional: false]}], "hexpm", "2c81d61d4f6ed0e5cf7bf27a9109b791ff216a1034b3d541327484f46dd43769"},
  "comeonin": {:hex, :comeonin, "5.3.2", "5c2f893d05c56ae3f5e24c1b983c2d5dfb88c6d979c9287a76a7feb1e1d8d646", [:mix], [], "hexpm", "d0993402844c49539aeadb3fe46a3c9bd190f1ecf86b6f9ebd71957534c95f04"},
  "connection": {:hex, :connection, "1.0.4", "a1cae72211f0eef17705aaededacac3eb30e6625b04a6117c1b2db6ace7d5976", [:mix], [], "hexpm", "4a0850c9be22a43af9920a71ab17c051f5f7d45c209e40269a1938832510e4d9"},
  "cowboy": {:hex, :cowboy, "2.9.0", "865dd8b6607e14cf03282e10e934023a1bd8be6f6bacf921a7e2a96d800cd452", [:make, :rebar3], [{:cowlib, "2.11.0", [hex: :cowlib, repo: "hexpm", optional: false]}, {:ranch, "1.8.0", [hex: :ranch, repo: "hexpm", optional: false]}], "hexpm", "2c729f934b4e1aa149aff882f57c6372c15399a20d54f65c8d67bef583021bde"},
  "cowboy_telemetry": {:hex, :cowboy_telemetry, "0.4.0", "f239f68b588efa7707abce16a84d0d2acf3a0f50571f8bb7f56a15865aae820c", [:rebar3], [{:cowboy, "~> 2.7", [hex: :cowboy, repo: "hexpm", optional: false]}, {:telemetry, "~> 1.0", [hex: :telemetry, repo: "hexpm", optional: false]}], "hexpm", "7d98bac1ee4565d31b62d59f8823dfd8356a169e7fcbb83831b8a5397404c9de"},
  "cowlib": {:hex, :cowlib, "2.11.0", "0b9ff9c346629256c42ebe1eeb769a83c6cb771a6ee5960bd110ab0b9b872063", [:make, :rebar3], [], "hexpm", "2b3e9da0b21c4565751a6d4901c20d1b4cc25cbb7fd50d91d2ab6dd287bc86a9"},
  "db_connection": {:hex, :db_connection, "2.2.2", "3bbca41b199e1598245b716248964926303b5d4609ff065125ce98bcd368939e", [:mix], [{:connection, "~> 1.0.2", [hex: :connection, repo: "hexpm", optional: false]}], "hexpm", "642af240d8a8affb93b4ba5a6fcd2bbcbdc327e1a524b825d383711536f8070c"},
  "decimal": {:hex, :decimal, "1.8.1", "a4ef3f5f3428bdbc0d35374029ffcf4ede8533536fa79896dd450168d9acdf3c", [:mix], [], "hexpm", "3cb154b00225ac687f6cbd4acc4b7960027c757a5152b369923ead9ddbca7aec"},
  "elixir_make": {:hex, :elixir_make, "0.6.2", "7dffacd77dec4c37b39af867cedaabb0b59f6a871f89722c25b28fcd4bd70530", [:mix], [], "hexpm", "03e49eadda22526a7e5279d53321d1cced6552f344ba4e03e619063de75348d9"},
  "mime": {:hex, :mime, "2.0.1", "0de4c81303fe07806ebc2494d5321ce8fb4df106e34dd5f9d787b637ebadc256", [:mix], [], "hexpm", "7a86b920d2aedce5fb6280ac8261ac1a739ae6c1a1ad38f5eadf910063008942"},
  "neotoma": {:hex, :neotoma, "1.7.3", "d8bd5404b73273989946e4f4f6d529e5c2088f5fa1ca790b4dbe81f4be408e61", [:rebar], [], "hexpm", "2da322b9b1567ffa0706a7f30f6bbbde70835ae44a1050615f4b4a3d436e0f28"},
  "plug": {:hex, :plug, "1.12.1", "645678c800601d8d9f27ad1aebba1fdb9ce5b2623ddb961a074da0b96c35187d", [:mix], [{:mime, "~> 1.0 or ~> 2.0", [hex: :mime, repo: "hexpm", optional: false]}, {:plug_crypto, "~> 1.1.1 or ~> 1.2", [hex: :plug_crypto, repo: "hexpm", optional: false]}, {:telemetry, "~> 0.4.3 or ~> 1.0", [hex: :telemetry, repo: "hexpm", optional: false]}], "hexpm", "d57e799a777bc20494b784966dc5fbda91eb4a09f571f76545b72a634ce0d30b"},
  "plug_cowboy": {:hex, :plug_cowboy, "2.5.2", "62894ccd601cf9597e2c23911ff12798a8a18d237e9739f58a6b04e4988899fe", [:mix], [{:cowboy, "~> 2.7", [hex: :cowboy, repo: "hexpm", optional: false]}, {:cowboy_telemetry, "~> 0.3", [hex: :cowboy_telemetry, repo: "hexpm", optional: false]}, {:plug, "~> 1.7", [hex: :plug, repo: "hexpm", optional: false]}], "hexpm", "ea6e87f774c8608d60c8d34022a7d073bd7680a0a013f049fc62bf35efea1044"},
  "plug_crypto": {:hex, :plug_crypto, "1.2.2", "05654514ac717ff3a1843204b424477d9e60c143406aa94daf2274fdd280794d", [:mix], [], "hexpm", "87631c7ad914a5a445f0a3809f99b079113ae4ed4b867348dd9eec288cecb6db"},
  "postgrex": {:hex, :postgrex, "0.15.5", "aec40306a622d459b01bff890fa42f1430dac61593b122754144ad9033a2152f", [:mix], [{:connection, "~> 1.0", [hex: :connection, repo: "hexpm", optional: false]}, {:db_connection, "~> 2.1", [hex: :db_connection, repo: "hexpm", optional: false]}, {:decimal, "~> 1.5", [hex: :decimal, repo: "hexpm", optional: false]}, {:jason, "~> 1.0", [hex: :jason, repo: "hexpm", optional: true]}], "hexpm", "ed90c81e1525f65a2ba2279dbcebf030d6d13328daa2f8088b9661eb9143af7f"},
  "ranch": {:hex, :ranch, "1.8.0", "8c7a100a139fd57f17327b6413e4167ac559fbc04ca7448e9be9057311597a1d", [:make, :rebar3], [], "hexpm", "49fbcfd3682fab1f5d109351b61257676da1a2fdbe295904176d5e521a2ddfe5"},
  "slime": {:hex, :slime, "1.2.1", "71e036056051f0a6fae136af34eaa1322e8e11cdd2da3a56196fd31bca34dd49", [:mix], [{:neotoma, "~> 1.7", [hex: :neotoma, repo: "hexpm", optional: false]}], "hexpm", "298568e64291fed4eb690be094f6c46400daa03b594bab34fcaa0167e139c263"},
  "telemetry": {:hex, :telemetry, "1.0.0", "0f453a102cdf13d506b7c0ab158324c337c41f1cc7548f0bc0e130bbf0ae9452", [:rebar3], [], "hexpm", "73bc09fa59b4a0284efb4624335583c528e07ec9ae76aca96ea0673850aec57a"},
}
